
Microsoft Visual Studio Solution File, Format Version 12.00
# Visual Studio Version 16
VisualStudioVersion = 16.0.28729.10
MinimumVisualStudioVersion = 10.0.40219.1
Project("{9A19103F-16F7-4668-BE54-9A1E7A4F7556}") = "Core", "Core\Core.csproj", "{8077914F-0322-42DC-A08D-745C40C90059}"
EndProject
Project("{9A19103F-16F7-4668-BE54-9A1E7A4F7556}") = "Persistence", "Persistence\Persistence.csproj", "{D184DA4A-4A83-4CFD-8210-6B206F93D3B7}"
EndProject
Project("{9A19103F-16F7-4668-BE54-9A1E7A4F7556}") = "Model", "Model\Model.csproj", "{1D45AACF-3966-407A-A5A2-79C37046D502}"
EndProject
Project("{9A19103F-16F7-4668-BE54-9A1E7A4F7556}") = "ViewModel", "ViewModel\ViewModel.csproj", "{3D2A82AB-5E04-4B30-9992-A5C4612AD2AF}"
EndProject
Project("{2150E333-8FDC-42A3-9474-1A3956D46DE8}") = "Icon", "Icon", "{DE4B0D4B-CBA2-4DB0-89B9-6CFC2CDF7B39}"
	ProjectSection(SolutionItems) = preProject
		Icon\Yeah69Logo.ico = Icon\Yeah69Logo.ico
	EndProjectSection
EndProject
Project("{9A19103F-16F7-4668-BE54-9A1E7A4F7556}") = "Persistence.Proxy", "Persistence.Proxy\Persistence.Proxy.csproj", "{A7639BC2-2BC1-4F79-92DA-979753DA8842}"
EndProject
Project("{2150E333-8FDC-42A3-9474-1A3956D46DE8}") = "Solution Items", "Solution Items", "{0B6FC2D7-CF56-41A7-80DF-29C3710BE169}"
	ProjectSection(SolutionItems) = preProject
		.editorconfig = .editorconfig
		Directory.Build.props = Directory.Build.props
	EndProjectSection
EndProject
Project("{9A19103F-16F7-4668-BE54-9A1E7A4F7556}") = "View.Wpf", "View.Wpf\View.Wpf.csproj", "{176AC2C3-EC32-4C86-9608-9A48879DBE44}"
EndProject
Project("{FAE04EC0-301F-11D3-BF4B-00C04F79EFBC}") = "View.Avalonia", "View.Avalonia\View.Avalonia.csproj", "{9F0D6E0E-2508-444E-804E-2C7AD2D836AB}"
EndProject
Global
	GlobalSection(SolutionConfigurationPlatforms) = preSolution
		Debug|Any CPU = Debug|Any CPU
		Release|Any CPU = Release|Any CPU
	EndGlobalSection
	GlobalSection(ProjectConfigurationPlatforms) = postSolution
		{8077914F-0322-42DC-A08D-745C40C90059}.Debug|Any CPU.ActiveCfg = Debug|Any CPU
		{8077914F-0322-42DC-A08D-745C40C90059}.Debug|Any CPU.Build.0 = Debug|Any CPU
		{8077914F-0322-42DC-A08D-745C40C90059}.Release|Any CPU.ActiveCfg = Release|Any CPU
		{8077914F-0322-42DC-A08D-745C40C90059}.Release|Any CPU.Build.0 = Release|Any CPU
		{D184DA4A-4A83-4CFD-8210-6B206F93D3B7}.Debug|Any CPU.ActiveCfg = Debug|Any CPU
		{D184DA4A-4A83-4CFD-8210-6B206F93D3B7}.Debug|Any CPU.Build.0 = Debug|Any CPU
		{D184DA4A-4A83-4CFD-8210-6B206F93D3B7}.Release|Any CPU.ActiveCfg = Release|Any CPU
		{D184DA4A-4A83-4CFD-8210-6B206F93D3B7}.Release|Any CPU.Build.0 = Release|Any CPU
		{1D45AACF-3966-407A-A5A2-79C37046D502}.Debug|Any CPU.ActiveCfg = Debug|Any CPU
		{1D45AACF-3966-407A-A5A2-79C37046D502}.Debug|Any CPU.Build.0 = Debug|Any CPU
		{1D45AACF-3966-407A-A5A2-79C37046D502}.Release|Any CPU.ActiveCfg = Release|Any CPU
		{1D45AACF-3966-407A-A5A2-79C37046D502}.Release|Any CPU.Build.0 = Release|Any CPU
		{3D2A82AB-5E04-4B30-9992-A5C4612AD2AF}.Debug|Any CPU.ActiveCfg = Debug|Any CPU
		{3D2A82AB-5E04-4B30-9992-A5C4612AD2AF}.Debug|Any CPU.Build.0 = Debug|Any CPU
		{3D2A82AB-5E04-4B30-9992-A5C4612AD2AF}.Release|Any CPU.ActiveCfg = Release|Any CPU
		{3D2A82AB-5E04-4B30-9992-A5C4612AD2AF}.Release|Any CPU.Build.0 = Release|Any CPU
		{A7639BC2-2BC1-4F79-92DA-979753DA8842}.Debug|Any CPU.ActiveCfg = Debug|Any CPU
		{A7639BC2-2BC1-4F79-92DA-979753DA8842}.Debug|Any CPU.Build.0 = Debug|Any CPU
		{A7639BC2-2BC1-4F79-92DA-979753DA8842}.Release|Any CPU.ActiveCfg = Release|Any CPU
		{A7639BC2-2BC1-4F79-92DA-979753DA8842}.Release|Any CPU.Build.0 = Release|Any CPU
		{176AC2C3-EC32-4C86-9608-9A48879DBE44}.Debug|Any CPU.ActiveCfg = Debug|Any CPU
		{176AC2C3-EC32-4C86-9608-9A48879DBE44}.Debug|Any CPU.Build.0 = Debug|Any CPU
		{176AC2C3-EC32-4C86-9608-9A48879DBE44}.Release|Any CPU.ActiveCfg = Release|Any CPU
		{176AC2C3-EC32-4C86-9608-9A48879DBE44}.Release|Any CPU.Build.0 = Release|Any CPU
		{9F0D6E0E-2508-444E-804E-2C7AD2D836AB}.Debug|Any CPU.ActiveCfg = Debug|Any CPU
		{9F0D6E0E-2508-444E-804E-2C7AD2D836AB}.Debug|Any CPU.Build.0 = Debug|Any CPU
		{9F0D6E0E-2508-444E-804E-2C7AD2D836AB}.Release|Any CPU.ActiveCfg = Release|Any CPU
		{9F0D6E0E-2508-444E-804E-2C7AD2D836AB}.Release|Any CPU.Build.0 = Release|Any CPU
	EndGlobalSection
	GlobalSection(SolutionProperties) = preSolution
		HideSolutionNode = FALSE
	EndGlobalSection
	GlobalSection(ExtensibilityGlobals) = postSolution
		RESX_CodeReferences = {"Items":[{"Expression":"\\W($File.$Key)\\W","Extensions":".cs,.xaml,.cshtml","IsCaseSensitive":true,"SingleLineComment":"\/\/"},{"Expression":"ResourceManager.GetString\\(\"($Key)\"\\)","Extensions":".cs","IsCaseSensitive":true,"SingleLineComment":"\/\/"},{"Expression":"typeof\\((\\w+\\.)*($File)\\).+\"($Key)\"|\"($Key)\".+typeof\\((\\w+\\.)*($File)\\)","Extensions":".cs","IsCaseSensitive":true,"SingleLineComment":"\/\/"},{"Expression":"\\W($Key)\\W","Extensions":".vb","IsCaseSensitive":false,"SingleLineComment":"'"},{"Expression":"\\W($File::$Key)\\W","Extensions":".cpp,.c,.hxx,.h","IsCaseSensitive":true,"SingleLineComment":"\/\/"},{"Expression":"&lt;%\\$\\s+Resources:\\s*($File)\\s*,\\s*($Key)\\s*%&gt;","Extensions":".aspx,.ascx,.master","IsCaseSensitive":true,"SingleLineComment":null},{"Expression":"StringResourceKey\\.($Key)","Extensions":".cs","IsCaseSensitive":true,"SingleLineComment":"\/\/"},{"Expression":"\"($Key)\".Localize<.*>\\(\\)","Extensions":".cs","IsCaseSensitive":false,"SingleLineComment":null}]}
		RESX_ResXSortingComparison = Ordinal
		RESX_SortFileContentOnSave = True
		SolutionGuid = {CB48FD93-B139-482F-AECA-4F0ED2800AAA}
	EndGlobalSection
EndGlobal
